
Microsoft Visual Studio Solution File, Format Version 12.00
# Visual Studio Version 16
VisualStudioVersion = 16.0.32126.315
MinimumVisualStudioVersion = 10.0.40219.1
Project("{FAE04EC0-301F-11D3-BF4B-00C04F79EFBC}") = "ProjetoCiele", "ProjetoCiele\ProjetoCiele.csproj", "{16FFACE0-D11A-419E-96CD-C5A041767840}"
EndProject
Global
	GlobalSection(SolutionConfigurationPlatforms) = preSolution
		Debug|Any CPU = Debug|Any CPU
		Release|Any CPU = Release|Any CPU
	EndGlobalSection
	GlobalSection(ProjectConfigurationPlatforms) = postSolution
		{16FFACE0-D11A-419E-96CD-C5A041767840}.Debug|Any CPU.ActiveCfg = Debug|Any CPU
		{16FFACE0-D11A-419E-96CD-C5A041767840}.Debug|Any CPU.Build.0 = Debug|Any CPU
		{16FFACE0-D11A-419E-96CD-C5A041767840}.Release|Any CPU.ActiveCfg = Release|Any CPU
		{16FFACE0-D11A-419E-96CD-C5A041767840}.Release|Any CPU.Build.0 = Release|Any CPU
	EndGlobalSection
	GlobalSection(SolutionProperties) = preSolution
		HideSolutionNode = FALSE
	EndGlobalSection
	GlobalSection(ExtensibilityGlobals) = postSolution
		SolutionGuid = {E9AC2DC5-8A2C-4B0C-AD0A-F92E2225ABA3}
	EndGlobalSection
EndGlobal
